
Microsoft Visual Studio Solution File, Format Version 12.00
# Visual Studio Version 17
VisualStudioVersion = 17.5.33530.505
MinimumVisualStudioVersion = 10.0.40219.1
Project("{FAE04EC0-301F-11D3-BF4B-00C04F79EFBC}") = "GHSample1", "GHSample1\GHSample1.csproj", "{7CF0429C-0E77-40C9-BA55-57DF88C9197E}"
EndProject
Global
	GlobalSection(SolutionConfigurationPlatforms) = preSolution
		Debug|Any CPU = Debug|Any CPU
		Release|Any CPU = Release|Any CPU
	EndGlobalSection
	GlobalSection(ProjectConfigurationPlatforms) = postSolution
		{7CF0429C-0E77-40C9-BA55-57DF88C9197E}.Debug|Any CPU.ActiveCfg = Debug|Any CPU
		{7CF0429C-0E77-40C9-BA55-57DF88C9197E}.Debug|Any CPU.Build.0 = Debug|Any CPU
		{7CF0429C-0E77-40C9-BA55-57DF88C9197E}.Release|Any CPU.ActiveCfg = Release|Any CPU
		{7CF0429C-0E77-40C9-BA55-57DF88C9197E}.Release|Any CPU.Build.0 = Release|Any CPU
	EndGlobalSection
	GlobalSection(SolutionProperties) = preSolution
		HideSolutionNode = FALSE
	EndGlobalSection
	GlobalSection(ExtensibilityGlobals) = postSolution
		SolutionGuid = {BCC41A06-5644-48A9-8BAB-573CC703F113}
	EndGlobalSection
EndGlobal
